<?xml version="1.0" encoding="UTF-8"?>
<Error><Code>AccessDenied</Code><Message>Request has expired</Message><X-Amz-Expires>3600</X-Amz-Expires><Expires>2019-10-03T21:10:37Z</Expires><ServerTime>2019-10-03T21:24:56Z</ServerTime><RequestId>85790131B0CE8C63</RequestId><HostId>pt29GGc0qmVDczSWbyl+6tZHe/BMBUGv/44ro8tjVfXsHbtABjUpKUHhmWFLTkvWHnTLc9WkDkY=</HostId></Error>